
Microsoft Visual Studio Solution File, Format Version 12.00
# Visual Studio Version 17
VisualStudioVersion = 17.12.35707.178
MinimumVisualStudioVersion = 10.0.40219.1
Project("{FAE04EC0-301F-11D3-BF4B-00C04F79EFBC}") = "MonitoramentoArquivos.Domain", "MonitoramentoArquivos.Domain\MonitoramentoArquivos.Domain.csproj", "{5A69E35D-3C67-4195-986A-4035A9BDA71E}"
EndProject
Project("{FAE04EC0-301F-11D3-BF4B-00C04F79EFBC}") = "MonitoramentoArquivos.Application", "MonitoramentoArquivos.Application\MonitoramentoArquivos.Application.csproj", "{90EF3EA8-C488-4C1B-B833-7B4CF3F353A7}"
EndProject
Project("{FAE04EC0-301F-11D3-BF4B-00C04F79EFBC}") = "MonitoramentoArquivos.Infrastructure", "MonitoramentoArquivos.Infrastructure\MonitoramentoArquivos.Infrastructure.csproj", "{7CFE8F1A-4E65-4371-96AC-5A420E307155}"
EndProject
Project("{FAE04EC0-301F-11D3-BF4B-00C04F79EFBC}") = "MonitoramentoArquivos.Api", "MonitoramentoArquivos.Api\MonitoramentoArquivos.Api.csproj", "{00588F59-9D1F-4318-9768-7232831FEB02}"
EndProject
Global
	GlobalSection(SolutionConfigurationPlatforms) = preSolution
		Debug|Any CPU = Debug|Any CPU
		Release|Any CPU = Release|Any CPU
	EndGlobalSection
	GlobalSection(ProjectConfigurationPlatforms) = postSolution
		{5A69E35D-3C67-4195-986A-4035A9BDA71E}.Debug|Any CPU.ActiveCfg = Debug|Any CPU
		{5A69E35D-3C67-4195-986A-4035A9BDA71E}.Debug|Any CPU.Build.0 = Debug|Any CPU
		{5A69E35D-3C67-4195-986A-4035A9BDA71E}.Release|Any CPU.ActiveCfg = Release|Any CPU
		{5A69E35D-3C67-4195-986A-4035A9BDA71E}.Release|Any CPU.Build.0 = Release|Any CPU
		{90EF3EA8-C488-4C1B-B833-7B4CF3F353A7}.Debug|Any CPU.ActiveCfg = Debug|Any CPU
		{90EF3EA8-C488-4C1B-B833-7B4CF3F353A7}.Debug|Any CPU.Build.0 = Debug|Any CPU
		{90EF3EA8-C488-4C1B-B833-7B4CF3F353A7}.Release|Any CPU.ActiveCfg = Release|Any CPU
		{90EF3EA8-C488-4C1B-B833-7B4CF3F353A7}.Release|Any CPU.Build.0 = Release|Any CPU
		{7CFE8F1A-4E65-4371-96AC-5A420E307155}.Debug|Any CPU.ActiveCfg = Debug|Any CPU
		{7CFE8F1A-4E65-4371-96AC-5A420E307155}.Debug|Any CPU.Build.0 = Debug|Any CPU
		{7CFE8F1A-4E65-4371-96AC-5A420E307155}.Release|Any CPU.ActiveCfg = Release|Any CPU
		{7CFE8F1A-4E65-4371-96AC-5A420E307155}.Release|Any CPU.Build.0 = Release|Any CPU
		{00588F59-9D1F-4318-9768-7232831FEB02}.Debug|Any CPU.ActiveCfg = Debug|Any CPU
		{00588F59-9D1F-4318-9768-7232831FEB02}.Debug|Any CPU.Build.0 = Debug|Any CPU
		{00588F59-9D1F-4318-9768-7232831FEB02}.Release|Any CPU.ActiveCfg = Release|Any CPU
		{00588F59-9D1F-4318-9768-7232831FEB02}.Release|Any CPU.Build.0 = Release|Any CPU
	EndGlobalSection
	GlobalSection(SolutionProperties) = preSolution
		HideSolutionNode = FALSE
	EndGlobalSection
EndGlobal
